{
  "lockfileVersion": 1,
  "configVersion": 1,
  "workspaces": {
    "": {
      "name": "contexty",
      "dependencies": {
        "@anthropic-ai/tokenizer": "latest",
        "@opencode-ai/plugin": "latest",
      },
      "devDependencies": {
        "bun-types": "latest",
        "typescript": "^5.4.0",
      },
    },
  },
  "packages": {
    "@anthropic-ai/tokenizer": ["@anthropic-ai/tokenizer@0.0.4", "", { "dependencies": { "@types/node": "^18.11.18", "tiktoken": "^1.0.10" } }, "sha512-EHRKbxlxlc8W4KCBEseByJ7YwyYCmgu9OyN59H9+IYIGPoKv8tXyQXinkeGDI+cI8Tiuz9wk2jZb/kK7AyvL7g=="],

    "@opencode-ai/plugin": ["@opencode-ai/plugin@1.1.26", "", { "dependencies": { "@opencode-ai/sdk": "1.1.26", "zod": "4.1.8" } }, "sha512-GnhLZuw9NHDJwY5msUZnFIWiLc0SnoBXWZNfnWF5+hu0fcVLgul8gqB2VK4kUv+KOQlzCVMILYikSSQkMYp7RQ=="],

    "@opencode-ai/sdk": ["@opencode-ai/sdk@1.1.26", "", {}, "sha512-5s+yxNJy7DpWwDq0L//F2sqKERz4640DmDLyrRlFXmckx5prnzFl3liEOOTySOL2WaxgVwjYw8OBiT15v2mAgA=="],

    "@types/node": ["@types/node@25.0.9", "", { "dependencies": { "undici-types": "~7.16.0" } }, "sha512-/rpCXHlCWeqClNBwUhDcusJxXYDjZTyE8v5oTO7WbL8eij2nKhUeU89/6xgjU7N4/Vh3He0BtyhJdQbDyhiXAw=="],

    "bun-types": ["bun-types@1.3.6", "", { "dependencies": { "@types/node": "*" } }, "sha512-OlFwHcnNV99r//9v5IIOgQ9Uk37gZqrNMCcqEaExdkVq3Avwqok1bJFmvGMCkCE0FqzdY8VMOZpfpR3lwI+CsQ=="],

    "tiktoken": ["tiktoken@1.0.22", "", {}, "sha512-PKvy1rVF1RibfF3JlXBSP0Jrcw2uq3yXdgcEXtKTYn3QJ/cBRBHDnrJ5jHky+MENZ6DIPwNUGWpkVx+7joCpNA=="],

    "typescript": ["typescript@5.9.3", "", { "bin": { "tsc": "bin/tsc", "tsserver": "bin/tsserver" } }, "sha512-jl1vZzPDinLr9eUt3J/t7V6FgNEw9QjvBPdysz9KfQDD41fQrC2Y4vKQdiaUpFT4bXlb1RHhLpp8wtm6M5TgSw=="],

    "undici-types": ["undici-types@7.16.0", "", {}, "sha512-Zz+aZWSj8LE6zoxD+xrjh4VfkIG8Ya6LvYkZqtUQGJPZjYl53ypCaUwWqo7eI0x66KBGeRo+mlBEkMSeSZ38Nw=="],

    "zod": ["zod@4.1.8", "", {}, "sha512-5R1P+WwQqmmMIEACyzSvo4JXHY5WiAFHRMg+zBZKgKS+Q1viRa0C1hmUKtHltoIFKtIdki3pRxkmpP74jnNYHQ=="],

    "@anthropic-ai/tokenizer/@types/node": ["@types/node@18.19.130", "", { "dependencies": { "undici-types": "~5.26.4" } }, "sha512-GRaXQx6jGfL8sKfaIDD6OupbIHBr9jv7Jnaml9tB7l4v068PAOXqfcujMMo5PhbIs6ggR1XODELqahT2R8v0fg=="],

    "@anthropic-ai/tokenizer/@types/node/undici-types": ["undici-types@5.26.5", "", {}, "sha512-JlCMO+ehdEIKqlFxk6IfVoAUVmgz7cU7zD/h9XZ0qzeosSHmUJVOzSQvvYSYWXkFXC+IfLKSIffhv0sVZup6pA=="],
  }
}
